{
  "name": "homebridge-sun-azimuth",
  "version": "0.4.1",
  "lockfileVersion": 3,
  "requires": true,
  "packages": {
    "": {
      "name": "homebridge-sun-azimuth",
      "version": "0.4.1",
      "license": "Apache-2.0",
      "dependencies": {
        "suncalc": "^2.0.0"
      },
      "engines": {
        "homebridge": "^1.8.0 || ^2.0.0",
        "node": "^20.18.0 || ^22.10.0 || ^24.0.0"
      }
    },
    "node_modules/suncalc": {
      "version": "2.0.0",
      "resolved": "https://registry.npmjs.org/suncalc/-/suncalc-2.0.0.tgz",
      "integrity": "sha512-RcO28GOMXNnB+sr+c7/+zv5UPMa9wxIsUVGE3HddjQykqCVEC2rc4t4IjBB7qaa7K7dx5Cxp8UZwexyXrX8JkA=="
    }
  }
}
